// !$*UTF8*$!
{
	archiveVersion = 1;
	classes = {
	};
	objectVersion = 50;
	objects = {

/* Begin PBXBuildFile section */
		66214670293F54DB006E2880 /* AppDelegate.swift in Sources */ = {isa = PBXBuildFile; fileRef = 6621466F293F54DB006E2880 /* AppDelegate.swift */; };
		66214672293F54DB006E2880 /* SceneDelegate.swift in Sources */ = {isa = PBXBuildFile; fileRef = 66214671293F54DB006E2880 /* SceneDelegate.swift */; };
		66214674293F54DB006E2880 /* ViewController.swift in Sources */ = {isa = PBXBuildFile; fileRef = 66214673293F54DB006E2880 /* ViewController.swift */; };
		66214677293F54DB006E2880 /* Main.storyboard in Resources */ = {isa = PBXBuildFile; fileRef = 66214675293F54DB006E2880 /* Main.storyboard */; };
		6621467A293F54DB006E2880 /* Cricket.xcdatamodeld in Sources */ = {isa = PBXBuildFile; fileRef = 66214678293F54DB006E2880 /* Cricket.xcdatamodeld */; };
		6621467C293F54DC006E2880 /* Assets.xcassets in Resources */ = {isa = PBXBuildFile; fileRef = 6621467B293F54DC006E2880 /* Assets.xcassets */; };
		6621467F293F54DC006E2880 /* LaunchScreen.storyboard in Resources */ = {isa = PBXBuildFile; fileRef = 6621467D293F54DC006E2880 /* LaunchScreen.storyboard */; };
		6621468A293F54DC006E2880 /* CricketTests.swift in Sources */ = {isa = PBXBuildFile; fileRef = 66214689293F54DC006E2880 /* CricketTests.swift */; };
		66214695293F54DC006E2880 /* CricketUITests.swift in Sources */ = {isa = PBXBuildFile; fileRef = 66214694293F54DC006E2880 /* CricketUITests.swift */; };
/* End PBXBuildFile section */

/* Begin PBXContainerItemProxy section */
		66214686293F54DC006E2880 /* PBXContainerItemProxy */ = {
			isa = PBXContainerItemProxy;
			containerPortal = 66214664293F54DB006E2880 /* Project object */;
			proxyType = 1;
			remoteGlobalIDString = 6621466B293F54DB006E2880;
			remoteInfo = Cricket;
		};
		66214691293F54DC006E2880 /* PBXContainerItemProxy */ = {
			isa = PBXContainerItemProxy;
			containerPortal = 66214664293F54DB006E2880 /* Project object */;
			proxyType = 1;
			remoteGlobalIDString = 6621466B293F54DB006E2880;
			remoteInfo = Cricket;
		};
/* End PBXContainerItemProxy section */

/* Begin PBXFileReference section */
		6621466C293F54DB006E2880 /* Cricket.app */ = {isa = PBXFileReference; explicitFileType = wrapper.application; includeInIndex = 0; path = Cricket.app; sourceTree = BUILT_PRODUCTS_DIR; };
		6621466F293F54DB006E2880 /* AppDelegate.swift */ = {isa = PBXFileReference; lastKnownFileType = sourcecode.swift; path = AppDelegate.swift; sourceTree = "<group>"; };
		66214671293F54DB006E2880 /* SceneDelegate.swift */ = {isa = PBXFileReference; lastKnownFileType = sourcecode.swift; path = SceneDelegate.swift; sourceTree = "<group>"; };
		66214673293F54DB006E2880 /* ViewController.swift */ = {isa = PBXFileReference; lastKnownFileType = sourcecode.swift; path = ViewController.swift; sourceTree = "<group>"; };
		66214676293F54DB006E2880 /* Base */ = {isa = PBXFileReference; lastKnownFileType = file.storyboard; name = Base; path = Base.lproj/Main.storyboard; sourceTree = "<group>"; };
		66214679293F54DB006E2880 /* Cricket.xcdatamodel */ = {isa = PBXFileReference; lastKnownFileType = wrapper.xcdatamodel; path = Cricket.xcdatamodel; sourceTree = "<group>"; };
		6621467B293F54DC006E2880 /* Assets.xcassets */ = {isa = PBXFileReference; lastKnownFileType = folder.assetcatalog; path = Assets.xcassets; sourceTree = "<group>"; };
		6621467E293F54DC006E2880 /* Base */ = {isa = PBXFileReference; lastKnownFileType = file.storyboard; name = Base; path = Base.lproj/LaunchScreen.storyboard; sourceTree = "<group>"; };
		66214680293F54DC006E2880 /* Info.plist */ = {isa = PBXFileReference; lastKnownFileType = text.plist.xml; path = Info.plist; sourceTree = "<group>"; };
		66214685293F54DC006E2880 /* CricketTests.xctest */ = {isa = PBXFileReference; explicitFileType = wrapper.cfbundle; includeInIndex = 0; path = CricketTests.xctest; sourceTree = BUILT_PRODUCTS_DIR; };
		66214689293F54DC006E2880 /* CricketTests.swift */ = {isa = PBXFileReference; lastKnownFileType = sourcecode.swift; path = CricketTests.swift; sourceTree = "<group>"; };
		6621468B293F54DC006E2880 /* Info.plist */ = {isa = PBXFileReference; lastKnownFileType = text.plist.xml; path = Info.plist; sourceTree = "<group>"; };
		66214690293F54DC006E2880 /* CricketUITests.xctest */ = {isa = PBXFileReference; explicitFileType = wrapper.cfbundle; includeInIndex = 0; path = CricketUITests.xctest; sourceTree = BUILT_PRODUCTS_DIR; };
		66214694293F54DC006E2880 /* CricketUITests.swift */ = {isa = PBXFileReference; lastKnownFileType = sourcecode.swift; path = CricketUITests.swift; sourceTree = "<group>"; };
		66214696293F54DC006E2880 /* Info.plist */ = {isa = PBXFileReference; lastKnownFileType = text.plist.xml; path = Info.plist; sourceTree = "<group>"; };
/* End PBXFileReference section */

/* Begin PBXFrameworksBuildPhase section */
		66214669293F54DB006E2880 /* Frameworks */ = {
			isa = PBXFrameworksBuildPhase;
			buildActionMask = 2147483647;
			files = (
			);
			runOnlyForDeploymentPostprocessing = 0;
		};
		66214682293F54DC006E2880 /* Frameworks */ = {
			isa = PBXFrameworksBuildPhase;
			buildActionMask = 2147483647;
			files = (
			);
			runOnlyForDeploymentPostprocessing = 0;
		};
		6621468D293F54DC006E2880 /* Frameworks */ = {
			isa = PBXFrameworksBuildPhase;
			buildActionMask = 2147483647;
			files = (
			);
			runOnlyForDeploymentPostprocessing = 0;
		};
/* End PBXFrameworksBuildPhase section */

/* Begin PBXGroup section */
		66214663293F54DB006E2880 = {
			isa = PBXGroup;
			children = (
				6621466E293F54DB006E2880 /* Cricket */,
				66214688293F54DC006E2880 /* CricketTests */,
				66214693293F54DC006E2880 /* CricketUITests */,
				6621466D293F54DB006E2880 /* Products */,
			);
			sourceTree = "<group>";
		};
		6621466D293F54DB006E2880 /* Products */ = {
			isa = PBXGroup;
			children = (
				6621466C293F54DB006E2880 /* Cricket.app */,
				66214685293F54DC006E2880 /* CricketTests.xctest */,
				66214690293F54DC006E2880 /* CricketUITests.xctest */,
			);
			name = Products;
			sourceTree = "<group>";
		};
		6621466E293F54DB006E2880 /* Cricket */ = {
			isa = PBXGroup;
			children = (
				6621466F293F54DB006E2880 /* AppDelegate.swift */,
				66214671293F54DB006E2880 /* SceneDelegate.swift */,
				66214673293F54DB006E2880 /* ViewController.swift */,
				66214675293F54DB006E2880 /* Main.storyboard */,
				6621467B293F54DC006E2880 /* Assets.xcassets */,
				6621467D293F54DC006E2880 /* LaunchScreen.storyboard */,
				66214680293F54DC006E2880 /* Info.plist */,
				66214678293F54DB006E2880 /* Cricket.xcdatamodeld */,
			);
			path = Cricket;
			sourceTree = "<group>";
		};
		66214688293F54DC006E2880 /* CricketTests */ = {
			isa = PBXGroup;
			children = (
				66214689293F54DC006E2880 /* CricketTests.swift */,
				6621468B293F54DC006E2880 /* Info.plist */,
			);
			path = CricketTests;
			sourceTree = "<group>";
		};
		66214693293F54DC006E2880 /* CricketUITests */ = {
			isa = PBXGroup;
			children = (
				66214694293F54DC006E2880 /* CricketUITests.swift */,
				66214696293F54DC006E2880 /* Info.plist */,
			);
			path = CricketUITests;
			sourceTree = "<group>";
		};
/* End PBXGroup section */

/* Begin PBXNativeTarget section */
		6621466B293F54DB006E2880 /* Cricket */ = {
			isa = PBXNativeTarget;
			buildConfigurationList = 66214699293F54DC006E2880 /* Build configuration list for PBXNativeTarget "Cricket" */;
			buildPhases = (
				66214668293F54DB006E2880 /* Sources */,
				66214669293F54DB006E2880 /* Frameworks */,
				6621466A293F54DB006E2880 /* Resources */,
			);
			buildRules = (
			);
			dependencies = (
			);
			name = Cricket;
			productName = Cricket;
			productReference = 6621466C293F54DB006E2880 /* Cricket.app */;
			productType = "com.apple.product-type.application";
		};
		66214684293F54DC006E2880 /* CricketTests */ = {
			isa = PBXNativeTarget;
			buildConfigurationList = 6621469C293F54DC006E2880 /* Build configuration list for PBXNativeTarget "CricketTests" */;
			buildPhases = (
				66214681293F54DC006E2880 /* Sources */,
				66214682293F54DC006E2880 /* Frameworks */,
				66214683293F54DC006E2880 /* Resources */,
			);
			buildRules = (
			);
			dependencies = (
				66214687293F54DC006E2880 /* PBXTargetDependency */,
			);
			name = CricketTests;
			productName = CricketTests;
			productReference = 66214685293F54DC006E2880 /* CricketTests.xctest */;
			productType = "com.apple.product-type.bundle.unit-test";
		};
		6621468F293F54DC006E2880 /* CricketUITests */ = {
			isa = PBXNativeTarget;
			buildConfigurationList = 6621469F293F54DC006E2880 /* Build configuration list for PBXNativeTarget "CricketUITests" */;
			buildPhases = (
				6621468C293F54DC006E2880 /* Sources */,
				6621468D293F54DC006E2880 /* Frameworks */,
				6621468E293F54DC006E2880 /* Resources */,
			);
			buildRules = (
			);
			dependencies = (
				66214692293F54DC006E2880 /* PBXTargetDependency */,
			);
			name = CricketUITests;
			productName = CricketUITests;
			productReference = 66214690293F54DC006E2880 /* CricketUITests.xctest */;
			productType = "com.apple.product-type.bundle.ui-testing";
		};
/* End PBXNativeTarget section */

/* Begin PBXProject section */
		66214664293F54DB006E2880 /* Project object */ = {
			isa = PBXProject;
			attributes = {
				LastSwiftUpdateCheck = 1240;
				LastUpgradeCheck = 1240;
				TargetAttributes = {
					6621466B293F54DB006E2880 = {
						CreatedOnToolsVersion = 12.4;
					};
					66214684293F54DC006E2880 = {
						CreatedOnToolsVersion = 12.4;
						TestTargetID = 6621466B293F54DB006E2880;
					};
					6621468F293F54DC006E2880 = {
						CreatedOnToolsVersion = 12.4;
						TestTargetID = 6621466B293F54DB006E2880;
					};
				};
			};
			buildConfigurationList = 66214667293F54DB006E2880 /* Build configuration list for PBXProject "Cricket" */;
			compatibilityVersion = "Xcode 9.3";
			developmentRegion = en;
			hasScannedForEncodings = 0;
			knownRegions = (
				en,
				Base,
			);
			mainGroup = 66214663293F54DB006E2880;
			productRefGroup = 6621466D293F54DB006E2880 /* Products */;
			projectDirPath = "";
			projectRoot = "";
			targets = (
				6621466B293F54DB006E2880 /* Cricket */,
				66214684293F54DC006E2880 /* CricketTests */,
				6621468F293F54DC006E2880 /* CricketUITests */,
			);
		};
/* End PBXProject section */

/* Begin PBXResourcesBuildPhase section */
		6621466A293F54DB006E2880 /* Resources */ = {
			isa = PBXResourcesBuildPhase;
			buildActionMask = 2147483647;
			files = (
				6621467F293F54DC006E2880 /* LaunchScreen.storyboard in Resources */,
				6621467C293F54DC006E2880 /* Assets.xcassets in Resources */,
				66214677293F54DB006E2880 /* Main.storyboard in Resources */,
			);
			runOnlyForDeploymentPostprocessing = 0;
		};
		66214683293F54DC006E2880 /* Resources */ = {
			isa = PBXResourcesBuildPhase;
			buildActionMask = 2147483647;
			files = (
			);
			runOnlyForDeploymentPostprocessing = 0;
		};
		6621468E293F54DC006E2880 /* Resources */ = {
			isa = PBXResourcesBuildPhase;
			buildActionMask = 2147483647;
			files = (
			);
			runOnlyForDeploymentPostprocessing = 0;
		};
/* End PBXResourcesBuildPhase section */

/* Begin PBXSourcesBuildPhase section */
		66214668293F54DB006E2880 /* Sources */ = {
			isa = PBXSourcesBuildPhase;
			buildActionMask = 2147483647;
			files = (
				66214674293F54DB006E2880 /* ViewController.swift in Sources */,
				6621467A293F54DB006E2880 /* Cricket.xcdatamodeld in Sources */,
				66214670293F54DB006E2880 /* AppDelegate.swift in Sources */,
				66214672293F54DB006E2880 /* SceneDelegate.swift in Sources */,
			);
			runOnlyForDeploymentPostprocessing = 0;
		};
		66214681293F54DC006E2880 /* Sources */ = {
			isa = PBXSourcesBuildPhase;
			buildActionMask = 2147483647;
			files = (
				6621468A293F54DC006E2880 /* CricketTests.swift in Sources */,
			);
			runOnlyForDeploymentPostprocessing = 0;
		};
		6621468C293F54DC006E2880 /* Sources */ = {
			isa = PBXSourcesBuildPhase;
			buildActionMask = 2147483647;
			files = (
				66214695293F54DC006E2880 /* CricketUITests.swift in Sources */,
			);
			runOnlyForDeploymentPostprocessing = 0;
		};
/* End PBXSourcesBuildPhase section */

/* Begin PBXTargetDependency section */
		66214687293F54DC006E2880 /* PBXTargetDependency */ = {
			isa = PBXTargetDependency;
			target = 6621466B293F54DB006E2880 /* Cricket */;
			targetProxy = 66214686293F54DC006E2880 /* PBXContainerItemProxy */;
		};
		66214692293F54DC006E2880 /* PBXTargetDependency */ = {
			isa = PBXTargetDependency;
			target = 6621466B293F54DB006E2880 /* Cricket */;
			targetProxy = 66214691293F54DC006E2880 /* PBXContainerItemProxy */;
		};
/* End PBXTargetDependency section */

/* Begin PBXVariantGroup section */
		66214675293F54DB006E2880 /* Main.storyboard */ = {
			isa = PBXVariantGroup;
			children = (
				66214676293F54DB006E2880 /* Base */,
			);
			name = Main.storyboard;
			sourceTree = "<group>";
		};
		6621467D293F54DC006E2880 /* LaunchScreen.storyboard */ = {
			isa = PBXVariantGroup;
			children = (
				6621467E293F54DC006E2880 /* Base */,
			);
			name = LaunchScreen.storyboard;
			sourceTree = "<group>";
		};
/* End PBXVariantGroup section */

/* Begin XCBuildConfiguration section */
		66214697293F54DC006E2880 /* Debug */ = {
			isa = XCBuildConfiguration;
			buildSettings = {
				ALWAYS_SEARCH_USER_PATHS = NO;
				CLANG_ANALYZER_NONNULL = YES;
				CLANG_ANALYZER_NUMBER_OBJECT_CONVERSION = YES_AGGRESSIVE;
				CLANG_CXX_LANGUAGE_STANDARD = "gnu++14";
				CLANG_CXX_LIBRARY = "libc++";
				CLANG_ENABLE_MODULES = YES;
				CLANG_ENABLE_OBJC_ARC = YES;
				CLANG_ENABLE_OBJC_WEAK = YES;
				CLANG_WARN_BLOCK_CAPTURE_AUTORELEASING = YES;
				CLANG_WARN_BOOL_CONVERSION = YES;
				CLANG_WARN_COMMA = YES;
				CLANG_WARN_CONSTANT_CONVERSION = YES;
				CLANG_WARN_DEPRECATED_OBJC_IMPLEMENTATIONS = YES;
				CLANG_WARN_DIRECT_OBJC_ISA_USAGE = YES_ERROR;
				CLANG_WARN_DOCUMENTATION_COMMENTS = YES;
				CLANG_WARN_EMPTY_BODY = YES;
				CLANG_WARN_ENUM_CONVERSION = YES;
				CLANG_WARN_INFINITE_RECURSION = YES;
				CLANG_WARN_INT_CONVERSION = YES;
				CLANG_WARN_NON_LITERAL_NULL_CONVERSION = YES;
				CLANG_WARN_OBJC_IMPLICIT_RETAIN_SELF = YES;
				CLANG_WARN_OBJC_LITERAL_CONVERSION = YES;
				CLANG_WARN_OBJC_ROOT_CLASS = YES_ERROR;
				CLANG_WARN_QUOTED_INCLUDE_IN_FRAMEWORK_HEADER = YES;
				CLANG_WARN_RANGE_LOOP_ANALYSIS = YES;
				CLANG_WARN_STRICT_PROTOTYPES = YES;
				CLANG_WARN_SUSPICIOUS_MOVE = YES;
				CLANG_WARN_UNGUARDED_AVAILABILITY = YES_AGGRESSIVE;
				CLANG_WARN_UNREACHABLE_CODE = YES;
				CLANG_WARN__DUPLICATE_METHOD_MATCH = YES;
				COPY_PHASE_STRIP = NO;
				DEBUG_INFORMATION_FORMAT = dwarf;
				ENABLE_STRICT_OBJC_MSGSEND = YES;
				ENABLE_TESTABILITY = YES;
				GCC_C_LANGUAGE_STANDARD = gnu11;
				GCC_DYNAMIC_NO_PIC = NO;
				GCC_NO_COMMON_BLOCKS = YES;
				GCC_OPTIMIZATION_LEVEL = 0;
				GCC_PREPROCESSOR_DEFINITIONS = (
					"DEBUG=1",
					"$(inherited)",
				);
				GCC_WARN_64_TO_32_BIT_CONVERSION = YES;
				GCC_WARN_ABOUT_RETURN_TYPE = YES_ERROR;
				GCC_WARN_UNDECLARED_SELECTOR = YES;
				GCC_WARN_UNINITIALIZED_AUTOS = YES_AGGRESSIVE;
				GCC_WARN_UNUSED_FUNCTION = YES;
				GCC_WARN_UNUSED_VARIABLE = YES;
				IPHONEOS_DEPLOYMENT_TARGET = 14.4;
				MTL_ENABLE_DEBUG_INFO = INCLUDE_SOURCE;
				MTL_FAST_MATH = YES;
				ONLY_ACTIVE_ARCH = YES;
				SDKROOT = iphoneos;
				SWIFT_ACTIVE_COMPILATION_CONDITIONS = DEBUG;
				SWIFT_OPTIMIZATION_LEVEL = "-Onone";
			};
			name = Debug;
		};
		66214698293F54DC006E2880 /* Release */ = {
			isa = XCBuildConfiguration;
			buildSettings = {
				ALWAYS_SEARCH_USER_PATHS = NO;
				CLANG_ANALYZER_NONNULL = YES;
				CLANG_ANALYZER_NUMBER_OBJECT_CONVERSION = YES_AGGRESSIVE;
				CLANG_CXX_LANGUAGE_STANDARD = "gnu++14";
				CLANG_CXX_LIBRARY = "libc++";
				CLANG_ENABLE_MODULES = YES;
				CLANG_ENABLE_OBJC_ARC = YES;
				CLANG_ENABLE_OBJC_WEAK = YES;
				CLANG_WARN_BLOCK_CAPTURE_AUTORELEASING = YES;
				CLANG_WARN_BOOL_CONVERSION = YES;
				CLANG_WARN_COMMA = YES;
				CLANG_WARN_CONSTANT_CONVERSION = YES;
				CLANG_WARN_DEPRECATED_OBJC_IMPLEMENTATIONS = YES;
				CLANG_WARN_DIRECT_OBJC_ISA_USAGE = YES_ERROR;
				CLANG_WARN_DOCUMENTATION_COMMENTS = YES;
				CLANG_WARN_EMPTY_BODY = YES;
				CLANG_WARN_ENUM_CONVERSION = YES;
				CLANG_WARN_INFINITE_RECURSION = YES;
				CLANG_WARN_INT_CONVERSION = YES;
				CLANG_WARN_NON_LITERAL_NULL_CONVERSION = YES;
				CLANG_WARN_OBJC_IMPLICIT_RETAIN_SELF = YES;
				CLANG_WARN_OBJC_LITERAL_CONVERSION = YES;
				CLANG_WARN_OBJC_ROOT_CLASS = YES_ERROR;
				CLANG_WARN_QUOTED_INCLUDE_IN_FRAMEWORK_HEADER = YES;
				CLANG_WARN_RANGE_LOOP_ANALYSIS = YES;
				CLANG_WARN_STRICT_PROTOTYPES = YES;
				CLANG_WARN_SUSPICIOUS_MOVE = YES;
				CLANG_WARN_UNGUARDED_AVAILABILITY = YES_AGGRESSIVE;
				CLANG_WARN_UNREACHABLE_CODE = YES;
				CLANG_WARN__DUPLICATE_METHOD_MATCH = YES;
				COPY_PHASE_STRIP = NO;
				DEBUG_INFORMATION_FORMAT = "dwarf-with-dsym";
				ENABLE_NS_ASSERTIONS = NO;
				ENABLE_STRICT_OBJC_MSGSEND = YES;
				GCC_C_LANGUAGE_STANDARD = gnu11;
				GCC_NO_COMMON_BLOCKS = YES;
				GCC_WARN_64_TO_32_BIT_CONVERSION = YES;
				GCC_WARN_ABOUT_RETURN_TYPE = YES_ERROR;
				GCC_WARN_UNDECLARED_SELECTOR = YES;
				GCC_WARN_UNINITIALIZED_AUTOS = YES_AGGRESSIVE;
				GCC_WARN_UNUSED_FUNCTION = YES;
				GCC_WARN_UNUSED_VARIABLE = YES;
				IPHONEOS_DEPLOYMENT_TARGET = 14.4;
				MTL_ENABLE_DEBUG_INFO = NO;
				MTL_FAST_MATH = YES;
				SDKROOT = iphoneos;
				SWIFT_COMPILATION_MODE = wholemodule;
				SWIFT_OPTIMIZATION_LEVEL = "-O";
				VALIDATE_PRODUCT = YES;
			};
			name = Release;
		};
		6621469A293F54DC006E2880 /* Debug */ = {
			isa = XCBuildConfiguration;
			buildSettings = {
				ASSETCATALOG_COMPILER_APPICON_NAME = AppIcon;
				ASSETCATALOG_COMPILER_GLOBAL_ACCENT_COLOR_NAME = AccentColor;
				CODE_SIGN_STYLE = Automatic;
				INFOPLIST_FILE = Cricket/Info.plist;
				LD_RUNPATH_SEARCH_PATHS = (
					"$(inherited)",
					"@executable_path/Frameworks",
				);
				PRODUCT_BUNDLE_IDENTIFIER = com.robosoftin.Cricket;
				PRODUCT_NAME = "$(TARGET_NAME)";
				SWIFT_VERSION = 5.0;
				TARGETED_DEVICE_FAMILY = "1,2";
			};
			name = Debug;
		};
		6621469B293F54DC006E2880 /* Release */ = {
			isa = XCBuildConfiguration;
			buildSettings = {
				ASSETCATALOG_COMPILER_APPICON_NAME = AppIcon;
				ASSETCATALOG_COMPILER_GLOBAL_ACCENT_COLOR_NAME = AccentColor;
				CODE_SIGN_STYLE = Automatic;
				INFOPLIST_FILE = Cricket/Info.plist;
				LD_RUNPATH_SEARCH_PATHS = (
					"$(inherited)",
					"@executable_path/Frameworks",
				);
				PRODUCT_BUNDLE_IDENTIFIER = com.robosoftin.Cricket;
				PRODUCT_NAME = "$(TARGET_NAME)";
				SWIFT_VERSION = 5.0;
				TARGETED_DEVICE_FAMILY = "1,2";
			};
			name = Release;
		};
		6621469D293F54DC006E2880 /* Debug */ = {
			isa = XCBuildConfiguration;
			buildSettings = {
				ALWAYS_EMBED_SWIFT_STANDARD_LIBRARIES = YES;
				BUNDLE_LOADER = "$(TEST_HOST)";
				CODE_SIGN_STYLE = Automatic;
				INFOPLIST_FILE = CricketTests/Info.plist;
				IPHONEOS_DEPLOYMENT_TARGET = 14.4;
				LD_RUNPATH_SEARCH_PATHS = (
					"$(inherited)",
					"@executable_path/Frameworks",
					"@loader_path/Frameworks",
				);
				PRODUCT_BUNDLE_IDENTIFIER = com.robosoftin.CricketTests;
				PRODUCT_NAME = "$(TARGET_NAME)";
				SWIFT_VERSION = 5.0;
				TARGETED_DEVICE_FAMILY = "1,2";
				TEST_HOST = "$(BUILT_PRODUCTS_DIR)/Cricket.app/Cricket";
			};
			name = Debug;
		};
		6621469E293F54DC006E2880 /* Release */ = {
			isa = XCBuildConfiguration;
			buildSettings = {
				ALWAYS_EMBED_SWIFT_STANDARD_LIBRARIES = YES;
				BUNDLE_LOADER = "$(TEST_HOST)";
				CODE_SIGN_STYLE = Automatic;
				INFOPLIST_FILE = CricketTests/Info.plist;
				IPHONEOS_DEPLOYMENT_TARGET = 14.4;
				LD_RUNPATH_SEARCH_PATHS = (
					"$(inherited)",
					"@executable_path/Frameworks",
					"@loader_path/Frameworks",
				);
				PRODUCT_BUNDLE_IDENTIFIER = com.robosoftin.CricketTests;
				PRODUCT_NAME = "$(TARGET_NAME)";
				SWIFT_VERSION = 5.0;
				TARGETED_DEVICE_FAMILY = "1,2";
				TEST_HOST = "$(BUILT_PRODUCTS_DIR)/Cricket.app/Cricket";
			};
			name = Release;
		};
		662146A0293F54DC006E2880 /* Debug */ = {
			isa = XCBuildConfiguration;
			buildSettings = {
				ALWAYS_EMBED_SWIFT_STANDARD_LIBRARIES = YES;
				CODE_SIGN_STYLE = Automatic;
				INFOPLIST_FILE = CricketUITests/Info.plist;
				LD_RUNPATH_SEARCH_PATHS = (
					"$(inherited)",
					"@executable_path/Frameworks",
					"@loader_path/Frameworks",
				);
				PRODUCT_BUNDLE_IDENTIFIER = com.robosoftin.CricketUITests;
				PRODUCT_NAME = "$(TARGET_NAME)";
				SWIFT_VERSION = 5.0;
				TARGETED_DEVICE_FAMILY = "1,2";
				TEST_TARGET_NAME = Cricket;
			};
			name = Debug;
		};
		662146A1293F54DC006E2880 /* Release */ = {
			isa = XCBuildConfiguration;
			buildSettings = {
				ALWAYS_EMBED_SWIFT_STANDARD_LIBRARIES = YES;
				CODE_SIGN_STYLE = Automatic;
				INFOPLIST_FILE = CricketUITests/Info.plist;
				LD_RUNPATH_SEARCH_PATHS = (
					"$(inherited)",
					"@executable_path/Frameworks",
					"@loader_path/Frameworks",
				);
				PRODUCT_BUNDLE_IDENTIFIER = com.robosoftin.CricketUITests;
				PRODUCT_NAME = "$(TARGET_NAME)";
				SWIFT_VERSION = 5.0;
				TARGETED_DEVICE_FAMILY = "1,2";
				TEST_TARGET_NAME = Cricket;
			};
			name = Release;
		};
/* End XCBuildConfiguration section */

/* Begin XCConfigurationList section */
		66214667293F54DB006E2880 /* Build configuration list for PBXProject "Cricket" */ = {
			isa = XCConfigurationList;
			buildConfigurations = (
				66214697293F54DC006E2880 /* Debug */,
				66214698293F54DC006E2880 /* Release */,
			);
			defaultConfigurationIsVisible = 0;
			defaultConfigurationName = Release;
		};
		66214699293F54DC006E2880 /* Build configuration list for PBXNativeTarget "Cricket" */ = {
			isa = XCConfigurationList;
			buildConfigurations = (
				6621469A293F54DC006E2880 /* Debug */,
				6621469B293F54DC006E2880 /* Release */,
			);
			defaultConfigurationIsVisible = 0;
			defaultConfigurationName = Release;
		};
		6621469C293F54DC006E2880 /* Build configuration list for PBXNativeTarget "CricketTests" */ = {
			isa = XCConfigurationList;
			buildConfigurations = (
				6621469D293F54DC006E2880 /* Debug */,
				6621469E293F54DC006E2880 /* Release */,
			);
			defaultConfigurationIsVisible = 0;
			defaultConfigurationName = Release;
		};
		6621469F293F54DC006E2880 /* Build configuration list for PBXNativeTarget "CricketUITests" */ = {
			isa = XCConfigurationList;
			buildConfigurations = (
				662146A0293F54DC006E2880 /* Debug */,
				662146A1293F54DC006E2880 /* Release */,
			);
			defaultConfigurationIsVisible = 0;
			defaultConfigurationName = Release;
		};
/* End XCConfigurationList section */

/* Begin XCVersionGroup section */
		66214678293F54DB006E2880 /* Cricket.xcdatamodeld */ = {
			isa = XCVersionGroup;
			children = (
				66214679293F54DB006E2880 /* Cricket.xcdatamodel */,
			);
			currentVersion = 66214679293F54DB006E2880 /* Cricket.xcdatamodel */;
			path = Cricket.xcdatamodeld;
			sourceTree = "<group>";
			versionGroupType = wrapper.xcdatamodel;
		};
/* End XCVersionGroup section */
	};
	rootObject = 66214664293F54DB006E2880 /* Project object */;
}
